PODS:
  - Realm (3.1.1):
    - Realm/Headers (= 3.1.1)
  - Realm/Headers (3.1.1)
  - RealmSwift (3.1.1):
    - Realm (= 3.1.1)

DEPENDENCIES:
  - RealmSwift

SPEC CHECKSUMS:
  Realm: 42d1c38a5b1bbcc828b48a7ce702cb86fc68adf4
  RealmSwift: d31937ca6a6ee54acde64ec839523c0a3c04924b

PODFILE CHECKSUM: 9f80ba3f8c07830c196d2e95e7bd0bb384e80aa1

COCOAPODS: 1.4.0
